
Microsoft Visual Studio Solution File, Format Version 12.00
# Visual Studio Version 17
VisualStudioVersion = 17.14.36811.4
MinimumVisualStudioVersion = 10.0.40219.1
Project("{FAE04EC0-301F-11D3-BF4B-00C04F79EFBC}") = "IntegrationTesting.API", "IntegrationTesting.API\IntegrationTesting.API.csproj", "{A29AEAB5-64AD-4D31-BED6-6B136D1AA36D}"
EndProject
Project("{FAE04EC0-301F-11D3-BF4B-00C04F79EFBC}") = "IntegrationTesting.IntegrationTests", "IntegrationTesting.IntegrationTests\IntegrationTesting.IntegrationTests.csproj", "{23A0B9DD-C72B-4E33-886C-95ABDAF02831}"
EndProject
Global
	GlobalSection(SolutionConfigurationPlatforms) = preSolution
		Debug|Any CPU = Debug|Any CPU
		Debug|x64 = Debug|x64
		Debug|x86 = Debug|x86
		Release|Any CPU = Release|Any CPU
		Release|x64 = Release|x64
		Release|x86 = Release|x86
	EndGlobalSection
	GlobalSection(ProjectConfigurationPlatforms) = postSolution
		{A29AEAB5-64AD-4D31-BED6-6B136D1AA36D}.Debug|Any CPU.ActiveCfg = Debug|Any CPU
		{A29AEAB5-64AD-4D31-BED6-6B136D1AA36D}.Debug|Any CPU.Build.0 = Debug|Any CPU
		{A29AEAB5-64AD-4D31-BED6-6B136D1AA36D}.Debug|x64.ActiveCfg = Debug|Any CPU
		{A29AEAB5-64AD-4D31-BED6-6B136D1AA36D}.Debug|x64.Build.0 = Debug|Any CPU
		{A29AEAB5-64AD-4D31-BED6-6B136D1AA36D}.Debug|x86.ActiveCfg = Debug|Any CPU
		{A29AEAB5-64AD-4D31-BED6-6B136D1AA36D}.Debug|x86.Build.0 = Debug|Any CPU
		{A29AEAB5-64AD-4D31-BED6-6B136D1AA36D}.Release|Any CPU.ActiveCfg = Release|Any CPU
		{A29AEAB5-64AD-4D31-BED6-6B136D1AA36D}.Release|Any CPU.Build.0 = Release|Any CPU
		{A29AEAB5-64AD-4D31-BED6-6B136D1AA36D}.Release|x64.ActiveCfg = Release|Any CPU
		{A29AEAB5-64AD-4D31-BED6-6B136D1AA36D}.Release|x64.Build.0 = Release|Any CPU
		{A29AEAB5-64AD-4D31-BED6-6B136D1AA36D}.Release|x86.ActiveCfg = Release|Any CPU
		{A29AEAB5-64AD-4D31-BED6-6B136D1AA36D}.Release|x86.Build.0 = Release|Any CPU
		{23A0B9DD-C72B-4E33-886C-95ABDAF02831}.Debug|Any CPU.ActiveCfg = Debug|Any CPU
		{23A0B9DD-C72B-4E33-886C-95ABDAF02831}.Debug|Any CPU.Build.0 = Debug|Any CPU
		{23A0B9DD-C72B-4E33-886C-95ABDAF02831}.Debug|x64.ActiveCfg = Debug|Any CPU
		{23A0B9DD-C72B-4E33-886C-95ABDAF02831}.Debug|x64.Build.0 = Debug|Any CPU
		{23A0B9DD-C72B-4E33-886C-95ABDAF02831}.Debug|x86.ActiveCfg = Debug|Any CPU
		{23A0B9DD-C72B-4E33-886C-95ABDAF02831}.Debug|x86.Build.0 = Debug|Any CPU
		{23A0B9DD-C72B-4E33-886C-95ABDAF02831}.Release|Any CPU.ActiveCfg = Release|Any CPU
		{23A0B9DD-C72B-4E33-886C-95ABDAF02831}.Release|Any CPU.Build.0 = Release|Any CPU
		{23A0B9DD-C72B-4E33-886C-95ABDAF02831}.Release|x64.ActiveCfg = Release|Any CPU
		{23A0B9DD-C72B-4E33-886C-95ABDAF02831}.Release|x64.Build.0 = Release|Any CPU
		{23A0B9DD-C72B-4E33-886C-95ABDAF02831}.Release|x86.ActiveCfg = Release|Any CPU
		{23A0B9DD-C72B-4E33-886C-95ABDAF02831}.Release|x86.Build.0 = Release|Any CPU
	EndGlobalSection
	GlobalSection(SolutionProperties) = preSolution
		HideSolutionNode = FALSE
	EndGlobalSection
	GlobalSection(ExtensibilityGlobals) = postSolution
		SolutionGuid = {FB590629-1FE7-43FF-8074-2424401A2015}
	EndGlobalSection
EndGlobal
